# THIS IS AN AUTOGENERATED FILE. DO NOT EDIT THIS FILE DIRECTLY.
# yarn lockfile v1


"@prisma/client@^3.13.0":
  version "3.13.0"
  resolved "https://registry.yarnpkg.com/@prisma/client/-/client-3.13.0.tgz#84511ebdf6ba75f77ca08495b9f73f22c4255654"
  integrity sha512-lnEA2tTyVbO5mS1ehmHJQKBDiKB8shaR6s3azwj3Azfi5XHIfnqmkolLCvUeFYnkDCNVzGXJpUgKwQt/UOOYVQ==
  dependencies:
    "@prisma/engines-version" "3.13.0-17.efdf9b1183dddfd4258cd181a72125755215ab7b"

"@prisma/engines-version@3.13.0-17.efdf9b1183dddfd4258cd181a72125755215ab7b":
  version "3.13.0-17.efdf9b1183dddfd4258cd181a72125755215ab7b"
  resolved "https://registry.yarnpkg.com/@prisma/engines-version/-/engines-version-3.13.0-17.efdf9b1183dddfd4258cd181a72125755215ab7b.tgz#676aca309d66d9be2aad8911ca31f1ee5561041c"
  integrity sha512-TGp9rvgJIKo8NgvAHSwOosbut9mTA7VC6/rpQI9gh+ySSRjdQFhbGyNUiOcQrlI9Ob2DWeO7y4HEnhdKxYiECg==
